
Microsoft Visual Studio Solution File, Format Version 12.00
# Visual Studio Version 16
VisualStudioVersion = 16.0.30523.141
MinimumVisualStudioVersion = 10.0.40219.1
Project("{FAE04EC0-301F-11D3-BF4B-00C04F79EFBC}") = "CurencyApps", "CurencyApps\CurencyApps.csproj", "{4AA8BEBF-5F01-4CB3-9A23-54C1DC1CA47F}"
EndProject
Global
	GlobalSection(SolutionConfigurationPlatforms) = preSolution
		Debug|Any CPU = Debug|Any CPU
		Release|Any CPU = Release|Any CPU
	EndGlobalSection
	GlobalSection(ProjectConfigurationPlatforms) = postSolution
		{4AA8BEBF-5F01-4CB3-9A23-54C1DC1CA47F}.Debug|Any CPU.ActiveCfg = Debug|Any CPU
		{4AA8BEBF-5F01-4CB3-9A23-54C1DC1CA47F}.Debug|Any CPU.Build.0 = Debug|Any CPU
		{4AA8BEBF-5F01-4CB3-9A23-54C1DC1CA47F}.Release|Any CPU.ActiveCfg = Release|Any CPU
		{4AA8BEBF-5F01-4CB3-9A23-54C1DC1CA47F}.Release|Any CPU.Build.0 = Release|Any CPU
	EndGlobalSection
	GlobalSection(SolutionProperties) = preSolution
		HideSolutionNode = FALSE
	EndGlobalSection
	GlobalSection(ExtensibilityGlobals) = postSolution
		SolutionGuid = {0C8DAE80-8A96-4167-90F2-F55492E597CA}
	EndGlobalSection
EndGlobal
